
Microsoft Visual Studio Solution File, Format Version 12.00
Project("{2150E333-8FDC-42A3-9474-1A3956D46DE8}") = "Src", "Src", "{3A42F069-514D-49EF-BFB9-E67C59D627FD}"
EndProject
Project("{2150E333-8FDC-42A3-9474-1A3956D46DE8}") = "Common", "Common", "{DB932F51-245F-46CB-83BD-25504F0519FD}"
EndProject
Project("{2150E333-8FDC-42A3-9474-1A3956D46DE8}") = "Infrastructure", "Infrastructure", "{976C41D2-718F-4267-83D8-438459121401}"
EndProject
Project("{2150E333-8FDC-42A3-9474-1A3956D46DE8}") = "Presentation", "Presentation", "{80B1C692-D39A-4E3D-91EA-893957DEA7DD}"
EndProject
Project("{FAE04EC0-301F-11D3-BF4B-00C04F79EFBC}") = "Solution1.Domain", "Solution1.Domain\Solution1.Domain.csproj", "{93758B15-DA4E-4BE0-9482-4BF565E32199}"
EndProject
Project("{FAE04EC0-301F-11D3-BF4B-00C04F79EFBC}") = "Solution1.Persistence", "Solution1.Persistence\Solution1.Persistence.csproj", "{661E082F-1874-4EFC-8320-D8250E030299}"
EndProject
Project("{FAE04EC0-301F-11D3-BF4B-00C04F79EFBC}") = "Solution1.API", "Solution1.API\Solution1.API.csproj", "{F561C73C-08C6-4E74-969A-2731021AAE67}"
EndProject
Project("{FAE04EC0-301F-11D3-BF4B-00C04F79EFBC}") = "Solution1.Common", "Solution1.Common\Solution1.Common.csproj", "{422B0755-6C68-4EEC-AE67-7861E827D932}"
EndProject
Project("{FAE04EC0-301F-11D3-BF4B-00C04F79EFBC}") = "Solution1.Infrastructure", "Solution1.Infrastructure\Solution1.Infrastructure.csproj", "{8C99A7CE-7F5E-44B2-AAA4-051D2736A001}"
EndProject
Project("{2150E333-8FDC-42A3-9474-1A3956D46DE8}") = "Core", "Core", "{E87FD5F6-AC84-4C7C-840B-41929FC45A52}"
EndProject
Project("{FAE04EC0-301F-11D3-BF4B-00C04F79EFBC}") = "Solution1.Application", "Solution1.Application\Solution1.Application.csproj", "{E0FFB997-D42F-4FD8-B54C-A9522B13E384}"
EndProject
Global
	GlobalSection(SolutionConfigurationPlatforms) = preSolution
		Debug|Any CPU = Debug|Any CPU
		Release|Any CPU = Release|Any CPU
	EndGlobalSection
	GlobalSection(NestedProjects) = preSolution
		{DB932F51-245F-46CB-83BD-25504F0519FD} = {3A42F069-514D-49EF-BFB9-E67C59D627FD}
		{976C41D2-718F-4267-83D8-438459121401} = {3A42F069-514D-49EF-BFB9-E67C59D627FD}
		{80B1C692-D39A-4E3D-91EA-893957DEA7DD} = {3A42F069-514D-49EF-BFB9-E67C59D627FD}
		{661E082F-1874-4EFC-8320-D8250E030299} = {976C41D2-718F-4267-83D8-438459121401}
		{F561C73C-08C6-4E74-969A-2731021AAE67} = {80B1C692-D39A-4E3D-91EA-893957DEA7DD}
		{422B0755-6C68-4EEC-AE67-7861E827D932} = {DB932F51-245F-46CB-83BD-25504F0519FD}
		{8C99A7CE-7F5E-44B2-AAA4-051D2736A001} = {976C41D2-718F-4267-83D8-438459121401}
		{E87FD5F6-AC84-4C7C-840B-41929FC45A52} = {3A42F069-514D-49EF-BFB9-E67C59D627FD}
		{93758B15-DA4E-4BE0-9482-4BF565E32199} = {E87FD5F6-AC84-4C7C-840B-41929FC45A52}
		{E0FFB997-D42F-4FD8-B54C-A9522B13E384} = {E87FD5F6-AC84-4C7C-840B-41929FC45A52}
	EndGlobalSection
	GlobalSection(ProjectConfigurationPlatforms) = postSolution
		{93758B15-DA4E-4BE0-9482-4BF565E32199}.Debug|Any CPU.ActiveCfg = Debug|Any CPU
		{93758B15-DA4E-4BE0-9482-4BF565E32199}.Debug|Any CPU.Build.0 = Debug|Any CPU
		{93758B15-DA4E-4BE0-9482-4BF565E32199}.Release|Any CPU.ActiveCfg = Release|Any CPU
		{93758B15-DA4E-4BE0-9482-4BF565E32199}.Release|Any CPU.Build.0 = Release|Any CPU
		{661E082F-1874-4EFC-8320-D8250E030299}.Debug|Any CPU.ActiveCfg = Debug|Any CPU
		{661E082F-1874-4EFC-8320-D8250E030299}.Debug|Any CPU.Build.0 = Debug|Any CPU
		{661E082F-1874-4EFC-8320-D8250E030299}.Release|Any CPU.ActiveCfg = Release|Any CPU
		{661E082F-1874-4EFC-8320-D8250E030299}.Release|Any CPU.Build.0 = Release|Any CPU
		{F561C73C-08C6-4E74-969A-2731021AAE67}.Debug|Any CPU.ActiveCfg = Debug|Any CPU
		{F561C73C-08C6-4E74-969A-2731021AAE67}.Debug|Any CPU.Build.0 = Debug|Any CPU
		{F561C73C-08C6-4E74-969A-2731021AAE67}.Release|Any CPU.ActiveCfg = Release|Any CPU
		{F561C73C-08C6-4E74-969A-2731021AAE67}.Release|Any CPU.Build.0 = Release|Any CPU
		{422B0755-6C68-4EEC-AE67-7861E827D932}.Debug|Any CPU.ActiveCfg = Debug|Any CPU
		{422B0755-6C68-4EEC-AE67-7861E827D932}.Debug|Any CPU.Build.0 = Debug|Any CPU
		{422B0755-6C68-4EEC-AE67-7861E827D932}.Release|Any CPU.ActiveCfg = Release|Any CPU
		{422B0755-6C68-4EEC-AE67-7861E827D932}.Release|Any CPU.Build.0 = Release|Any CPU
		{8C99A7CE-7F5E-44B2-AAA4-051D2736A001}.Debug|Any CPU.ActiveCfg = Debug|Any CPU
		{8C99A7CE-7F5E-44B2-AAA4-051D2736A001}.Debug|Any CPU.Build.0 = Debug|Any CPU
		{8C99A7CE-7F5E-44B2-AAA4-051D2736A001}.Release|Any CPU.ActiveCfg = Release|Any CPU
		{8C99A7CE-7F5E-44B2-AAA4-051D2736A001}.Release|Any CPU.Build.0 = Release|Any CPU
		{E0FFB997-D42F-4FD8-B54C-A9522B13E384}.Debug|Any CPU.ActiveCfg = Debug|Any CPU
		{E0FFB997-D42F-4FD8-B54C-A9522B13E384}.Debug|Any CPU.Build.0 = Debug|Any CPU
		{E0FFB997-D42F-4FD8-B54C-A9522B13E384}.Release|Any CPU.ActiveCfg = Release|Any CPU
		{E0FFB997-D42F-4FD8-B54C-A9522B13E384}.Release|Any CPU.Build.0 = Release|Any CPU
	EndGlobalSection
EndGlobal
