
Microsoft Visual Studio Solution File, Format Version 12.00
Project("{2150E333-8FDC-42A3-9474-1A3956D46DE8}") = "Src", "Src", "{3A42F069-514D-49EF-BFB9-E67C59D627FD}"
EndProject
Project("{2150E333-8FDC-42A3-9474-1A3956D46DE8}") = "Infrastructure", "Infrastructure", "{976C41D2-718F-4267-83D8-438459121401}"
EndProject
Project("{2150E333-8FDC-42A3-9474-1A3956D46DE8}") = "Presentation", "Presentation", "{80B1C692-D39A-4E3D-91EA-893957DEA7DD}"
EndProject
Project("{FAE04EC0-301F-11D3-BF4B-00C04F79EFBC}") = "Solution1.Domain", "Solution1.Domain\Solution1.Domain.csproj", "{93758B15-DA4E-4BE0-9482-4BF565E32199}"
EndProject
Project("{FAE04EC0-301F-11D3-BF4B-00C04F79EFBC}") = "Solution1.Persistence", "Solution1.Persistence\Solution1.Persistence.csproj", "{661E082F-1874-4EFC-8320-D8250E030299}"
EndProject
Project("{FAE04EC0-301F-11D3-BF4B-00C04F79EFBC}") = "Solution1.API", "Solution1.API\Solution1.API.csproj", "{F561C73C-08C6-4E74-969A-2731021AAE67}"
EndProject
Project("{FAE04EC0-301F-11D3-BF4B-00C04F79EFBC}") = "Solution1.Infrastructure", "Solution1.Infrastructure\Solution1.Infrastructure.csproj", "{8C99A7CE-7F5E-44B2-AAA4-051D2736A001}"
EndProject
Project("{2150E333-8FDC-42A3-9474-1A3956D46DE8}") = "Core", "Core", "{E87FD5F6-AC84-4C7C-840B-41929FC45A52}"
EndProject
Project("{FAE04EC0-301F-11D3-BF4B-00C04F79EFBC}") = "Solution1.Application", "Solution1.Application\Solution1.Application.csproj", "{E0FFB997-D42F-4FD8-B54C-A9522B13E384}"
EndProject
Project("{2150E333-8FDC-42A3-9474-1A3956D46DE8}") = "EnrollmentMS", "EnrollmentMS", "{04E718A3-30E5-4444-A312-20179E39E4A7}"
EndProject
Project("{2150E333-8FDC-42A3-9474-1A3956D46DE8}") = "Infrastructure", "Infrastructure", "{9EADDFF8-BEFF-4D64-9EB7-F6C48544AC4E}"
EndProject
Project("{2150E333-8FDC-42A3-9474-1A3956D46DE8}") = "Presentation", "Presentation", "{0CA0A5E6-DF08-42DE-ACF0-457185C705A4}"
EndProject
Project("{2150E333-8FDC-42A3-9474-1A3956D46DE8}") = "Domain", "Domain", "{D1149FF0-A7D4-48B9-883F-74355A17BEC2}"
EndProject
Project("{FAE04EC0-301F-11D3-BF4B-00C04F79EFBC}") = "EnrollmentMS.Domain", "EnrollmentMS.Domain\EnrollmentMS.Domain.csproj", "{6F11968E-8AE9-486B-A92F-B7E2619EF606}"
EndProject
Project("{FAE04EC0-301F-11D3-BF4B-00C04F79EFBC}") = "EnrollmentMS.Persistence", "EnrollmentMS.Persistence\EnrollmentMS.Persistence.csproj", "{570BE408-6490-4178-A009-BF5CD5D3F408}"
EndProject
Project("{FAE04EC0-301F-11D3-BF4B-00C04F79EFBC}") = "EnrollmentMS.API", "EnrollmentMS.API\EnrollmentMS.API.csproj", "{6ED40613-EC63-411B-9B3F-4CB08425E24E}"
EndProject
Project("{FAE04EC0-301F-11D3-BF4B-00C04F79EFBC}") = "EnrollmentMS.Infrastructure", "EnrollmentMS.Infrastructure\EnrollmentMS.Infrastructure.csproj", "{901E9CB2-896B-4DD8-990A-147619A09D80}"
EndProject
Project("{2150E333-8FDC-42A3-9474-1A3956D46DE8}") = "Application", "Application", "{E27BC6F6-B119-41F2-9FC4-E433381EDE24}"
EndProject
Project("{FAE04EC0-301F-11D3-BF4B-00C04F79EFBC}") = "EnrollmentMS.Application", "EnrollmentMS.Application\EnrollmentMS.Application.csproj", "{47330BE8-16DA-49BA-84D4-E8F8F4AEB2F6}"
EndProject
Project("{2150E333-8FDC-42A3-9474-1A3956D46DE8}") = "Shared", "Shared", "{DE099BDB-2489-41FA-B9E5-A26E803287C7}"
EndProject
Project("{FAE04EC0-301F-11D3-BF4B-00C04F79EFBC}") = "Shared", "Shared\Shared.csproj", "{5D9239BE-6089-48C4-A7BA-608DD575F239}"
EndProject
Global
	GlobalSection(SolutionConfigurationPlatforms) = preSolution
		Debug|Any CPU = Debug|Any CPU
		Release|Any CPU = Release|Any CPU
	EndGlobalSection
	GlobalSection(NestedProjects) = preSolution
		{976C41D2-718F-4267-83D8-438459121401} = {3A42F069-514D-49EF-BFB9-E67C59D627FD}
		{80B1C692-D39A-4E3D-91EA-893957DEA7DD} = {3A42F069-514D-49EF-BFB9-E67C59D627FD}
		{661E082F-1874-4EFC-8320-D8250E030299} = {976C41D2-718F-4267-83D8-438459121401}
		{F561C73C-08C6-4E74-969A-2731021AAE67} = {80B1C692-D39A-4E3D-91EA-893957DEA7DD}
		{8C99A7CE-7F5E-44B2-AAA4-051D2736A001} = {976C41D2-718F-4267-83D8-438459121401}
		{E87FD5F6-AC84-4C7C-840B-41929FC45A52} = {3A42F069-514D-49EF-BFB9-E67C59D627FD}
		{93758B15-DA4E-4BE0-9482-4BF565E32199} = {E87FD5F6-AC84-4C7C-840B-41929FC45A52}
		{E0FFB997-D42F-4FD8-B54C-A9522B13E384} = {E87FD5F6-AC84-4C7C-840B-41929FC45A52}
		{04E718A3-30E5-4444-A312-20179E39E4A7} = {3A42F069-514D-49EF-BFB9-E67C59D627FD}
		{9EADDFF8-BEFF-4D64-9EB7-F6C48544AC4E} = {04E718A3-30E5-4444-A312-20179E39E4A7}
		{0CA0A5E6-DF08-42DE-ACF0-457185C705A4} = {04E718A3-30E5-4444-A312-20179E39E4A7}
		{D1149FF0-A7D4-48B9-883F-74355A17BEC2} = {04E718A3-30E5-4444-A312-20179E39E4A7}
		{6F11968E-8AE9-486B-A92F-B7E2619EF606} = {D1149FF0-A7D4-48B9-883F-74355A17BEC2}
		{570BE408-6490-4178-A009-BF5CD5D3F408} = {9EADDFF8-BEFF-4D64-9EB7-F6C48544AC4E}
		{6ED40613-EC63-411B-9B3F-4CB08425E24E} = {0CA0A5E6-DF08-42DE-ACF0-457185C705A4}
		{901E9CB2-896B-4DD8-990A-147619A09D80} = {9EADDFF8-BEFF-4D64-9EB7-F6C48544AC4E}
		{E27BC6F6-B119-41F2-9FC4-E433381EDE24} = {04E718A3-30E5-4444-A312-20179E39E4A7}
		{47330BE8-16DA-49BA-84D4-E8F8F4AEB2F6} = {E27BC6F6-B119-41F2-9FC4-E433381EDE24}
		{DE099BDB-2489-41FA-B9E5-A26E803287C7} = {3A42F069-514D-49EF-BFB9-E67C59D627FD}
		{5D9239BE-6089-48C4-A7BA-608DD575F239} = {DE099BDB-2489-41FA-B9E5-A26E803287C7}
	EndGlobalSection
	GlobalSection(ProjectConfigurationPlatforms) = postSolution
		{93758B15-DA4E-4BE0-9482-4BF565E32199}.Debug|Any CPU.ActiveCfg = Debug|Any CPU
		{93758B15-DA4E-4BE0-9482-4BF565E32199}.Debug|Any CPU.Build.0 = Debug|Any CPU
		{93758B15-DA4E-4BE0-9482-4BF565E32199}.Release|Any CPU.ActiveCfg = Release|Any CPU
		{93758B15-DA4E-4BE0-9482-4BF565E32199}.Release|Any CPU.Build.0 = Release|Any CPU
		{661E082F-1874-4EFC-8320-D8250E030299}.Debug|Any CPU.ActiveCfg = Debug|Any CPU
		{661E082F-1874-4EFC-8320-D8250E030299}.Debug|Any CPU.Build.0 = Debug|Any CPU
		{661E082F-1874-4EFC-8320-D8250E030299}.Release|Any CPU.ActiveCfg = Release|Any CPU
		{661E082F-1874-4EFC-8320-D8250E030299}.Release|Any CPU.Build.0 = Release|Any CPU
		{F561C73C-08C6-4E74-969A-2731021AAE67}.Debug|Any CPU.ActiveCfg = Debug|Any CPU
		{F561C73C-08C6-4E74-969A-2731021AAE67}.Debug|Any CPU.Build.0 = Debug|Any CPU
		{F561C73C-08C6-4E74-969A-2731021AAE67}.Release|Any CPU.ActiveCfg = Release|Any CPU
		{F561C73C-08C6-4E74-969A-2731021AAE67}.Release|Any CPU.Build.0 = Release|Any CPU
		{8C99A7CE-7F5E-44B2-AAA4-051D2736A001}.Debug|Any CPU.ActiveCfg = Debug|Any CPU
		{8C99A7CE-7F5E-44B2-AAA4-051D2736A001}.Debug|Any CPU.Build.0 = Debug|Any CPU
		{8C99A7CE-7F5E-44B2-AAA4-051D2736A001}.Release|Any CPU.ActiveCfg = Release|Any CPU
		{8C99A7CE-7F5E-44B2-AAA4-051D2736A001}.Release|Any CPU.Build.0 = Release|Any CPU
		{E0FFB997-D42F-4FD8-B54C-A9522B13E384}.Debug|Any CPU.ActiveCfg = Debug|Any CPU
		{E0FFB997-D42F-4FD8-B54C-A9522B13E384}.Debug|Any CPU.Build.0 = Debug|Any CPU
		{E0FFB997-D42F-4FD8-B54C-A9522B13E384}.Release|Any CPU.ActiveCfg = Release|Any CPU
		{E0FFB997-D42F-4FD8-B54C-A9522B13E384}.Release|Any CPU.Build.0 = Release|Any CPU
		{6F11968E-8AE9-486B-A92F-B7E2619EF606}.Debug|Any CPU.ActiveCfg = Debug|Any CPU
		{6F11968E-8AE9-486B-A92F-B7E2619EF606}.Debug|Any CPU.Build.0 = Debug|Any CPU
		{6F11968E-8AE9-486B-A92F-B7E2619EF606}.Release|Any CPU.ActiveCfg = Release|Any CPU
		{6F11968E-8AE9-486B-A92F-B7E2619EF606}.Release|Any CPU.Build.0 = Release|Any CPU
		{570BE408-6490-4178-A009-BF5CD5D3F408}.Debug|Any CPU.ActiveCfg = Debug|Any CPU
		{570BE408-6490-4178-A009-BF5CD5D3F408}.Debug|Any CPU.Build.0 = Debug|Any CPU
		{570BE408-6490-4178-A009-BF5CD5D3F408}.Release|Any CPU.ActiveCfg = Release|Any CPU
		{570BE408-6490-4178-A009-BF5CD5D3F408}.Release|Any CPU.Build.0 = Release|Any CPU
		{6ED40613-EC63-411B-9B3F-4CB08425E24E}.Debug|Any CPU.ActiveCfg = Debug|Any CPU
		{6ED40613-EC63-411B-9B3F-4CB08425E24E}.Debug|Any CPU.Build.0 = Debug|Any CPU
		{6ED40613-EC63-411B-9B3F-4CB08425E24E}.Release|Any CPU.ActiveCfg = Release|Any CPU
		{6ED40613-EC63-411B-9B3F-4CB08425E24E}.Release|Any CPU.Build.0 = Release|Any CPU
		{901E9CB2-896B-4DD8-990A-147619A09D80}.Debug|Any CPU.ActiveCfg = Debug|Any CPU
		{901E9CB2-896B-4DD8-990A-147619A09D80}.Debug|Any CPU.Build.0 = Debug|Any CPU
		{901E9CB2-896B-4DD8-990A-147619A09D80}.Release|Any CPU.ActiveCfg = Release|Any CPU
		{901E9CB2-896B-4DD8-990A-147619A09D80}.Release|Any CPU.Build.0 = Release|Any CPU
		{47330BE8-16DA-49BA-84D4-E8F8F4AEB2F6}.Debug|Any CPU.ActiveCfg = Debug|Any CPU
		{47330BE8-16DA-49BA-84D4-E8F8F4AEB2F6}.Debug|Any CPU.Build.0 = Debug|Any CPU
		{47330BE8-16DA-49BA-84D4-E8F8F4AEB2F6}.Release|Any CPU.ActiveCfg = Release|Any CPU
		{47330BE8-16DA-49BA-84D4-E8F8F4AEB2F6}.Release|Any CPU.Build.0 = Release|Any CPU
		{5D9239BE-6089-48C4-A7BA-608DD575F239}.Debug|Any CPU.ActiveCfg = Debug|Any CPU
		{5D9239BE-6089-48C4-A7BA-608DD575F239}.Debug|Any CPU.Build.0 = Debug|Any CPU
		{5D9239BE-6089-48C4-A7BA-608DD575F239}.Release|Any CPU.ActiveCfg = Release|Any CPU
		{5D9239BE-6089-48C4-A7BA-608DD575F239}.Release|Any CPU.Build.0 = Release|Any CPU
	EndGlobalSection
EndGlobal
