
Microsoft Visual Studio Solution File, Format Version 12.00
Project("{2150E333-8FDC-42A3-9474-1A3956D46DE8}") = "Src", "Src", "{3A42F069-514D-49EF-BFB9-E67C59D627FD}"
EndProject
Project("{2150E333-8FDC-42A3-9474-1A3956D46DE8}") = "Common", "Common", "{DB932F51-245F-46CB-83BD-25504F0519FD}"
EndProject
Project("{2150E333-8FDC-42A3-9474-1A3956D46DE8}") = "Core", "Core", "{6785865B-57FF-479E-AF7F-014A4533F2BE}"
EndProject
Project("{2150E333-8FDC-42A3-9474-1A3956D46DE8}") = "Infrastructure", "Infrastructure", "{976C41D2-718F-4267-83D8-438459121401}"
EndProject
Project("{2150E333-8FDC-42A3-9474-1A3956D46DE8}") = "Presentation", "Presentation", "{80B1C692-D39A-4E3D-91EA-893957DEA7DD}"
EndProject
Project("{FAE04EC0-301F-11D3-BF4B-00C04F79EFBC}") = "Solution1.Common", "Solution1.Common\Solution1.Common.csproj", "{74A9E9E8-E5AA-41BC-8938-35D6C69A65A5}"
EndProject
Project("{FAE04EC0-301F-11D3-BF4B-00C04F79EFBC}") = "Solution1.Core", "Solution1.Core\Solution1.Core.csproj", "{18936A74-F82D-4C90-BA31-CDFD6E66D030}"
EndProject
Project("{FAE04EC0-301F-11D3-BF4B-00C04F79EFBC}") = "Solution1.Infrastructure", "Solution1.Infrastructure\Solution1.Infrastructure.csproj", "{40C1D4FE-A94C-4C61-A4D2-C38F12BA4332}"
EndProject
Project("{FAE04EC0-301F-11D3-BF4B-00C04F79EFBC}") = "Solution1.Presentation", "Solution1.Presentation\Solution1.Presentation.csproj", "{50EBA346-8928-4F78-A2B8-1242839FA4BF}"
EndProject
Project("{FAE04EC0-301F-11D3-BF4B-00C04F79EFBC}") = "Solution1.Application", "Solution1.Application\Solution1.Application.csproj", "{B8B4583E-9ED4-4C73-B5DA-A84978DC8FA4}"
EndProject
Project("{FAE04EC0-301F-11D3-BF4B-00C04F79EFBC}") = "Solution1.Domain", "Solution1.Domain\Solution1.Domain.csproj", "{1312A7FC-89A0-4746-B7EF-C213E55E948A}"
EndProject
Project("{FAE04EC0-301F-11D3-BF4B-00C04F79EFBC}") = "Solution1.Persistence", "Solution1.Persistence\Solution1.Persistence.csproj", "{33F44DAA-0431-4E87-B8BB-5376AC8816AB}"
EndProject
Global
	GlobalSection(SolutionConfigurationPlatforms) = preSolution
		Debug|Any CPU = Debug|Any CPU
		Release|Any CPU = Release|Any CPU
	EndGlobalSection
	GlobalSection(NestedProjects) = preSolution
		{DB932F51-245F-46CB-83BD-25504F0519FD} = {3A42F069-514D-49EF-BFB9-E67C59D627FD}
		{6785865B-57FF-479E-AF7F-014A4533F2BE} = {3A42F069-514D-49EF-BFB9-E67C59D627FD}
		{976C41D2-718F-4267-83D8-438459121401} = {3A42F069-514D-49EF-BFB9-E67C59D627FD}
		{80B1C692-D39A-4E3D-91EA-893957DEA7DD} = {3A42F069-514D-49EF-BFB9-E67C59D627FD}
		{74A9E9E8-E5AA-41BC-8938-35D6C69A65A5} = {DB932F51-245F-46CB-83BD-25504F0519FD}
		{18936A74-F82D-4C90-BA31-CDFD6E66D030} = {6785865B-57FF-479E-AF7F-014A4533F2BE}
		{40C1D4FE-A94C-4C61-A4D2-C38F12BA4332} = {976C41D2-718F-4267-83D8-438459121401}
		{50EBA346-8928-4F78-A2B8-1242839FA4BF} = {80B1C692-D39A-4E3D-91EA-893957DEA7DD}
		{B8B4583E-9ED4-4C73-B5DA-A84978DC8FA4} = {6785865B-57FF-479E-AF7F-014A4533F2BE}
		{1312A7FC-89A0-4746-B7EF-C213E55E948A} = {6785865B-57FF-479E-AF7F-014A4533F2BE}
		{33F44DAA-0431-4E87-B8BB-5376AC8816AB} = {976C41D2-718F-4267-83D8-438459121401}
	EndGlobalSection
	GlobalSection(ProjectConfigurationPlatforms) = postSolution
		{74A9E9E8-E5AA-41BC-8938-35D6C69A65A5}.Debug|Any CPU.ActiveCfg = Debug|Any CPU
		{74A9E9E8-E5AA-41BC-8938-35D6C69A65A5}.Debug|Any CPU.Build.0 = Debug|Any CPU
		{74A9E9E8-E5AA-41BC-8938-35D6C69A65A5}.Release|Any CPU.ActiveCfg = Release|Any CPU
		{74A9E9E8-E5AA-41BC-8938-35D6C69A65A5}.Release|Any CPU.Build.0 = Release|Any CPU
		{18936A74-F82D-4C90-BA31-CDFD6E66D030}.Debug|Any CPU.ActiveCfg = Debug|Any CPU
		{18936A74-F82D-4C90-BA31-CDFD6E66D030}.Debug|Any CPU.Build.0 = Debug|Any CPU
		{18936A74-F82D-4C90-BA31-CDFD6E66D030}.Release|Any CPU.ActiveCfg = Release|Any CPU
		{18936A74-F82D-4C90-BA31-CDFD6E66D030}.Release|Any CPU.Build.0 = Release|Any CPU
		{40C1D4FE-A94C-4C61-A4D2-C38F12BA4332}.Debug|Any CPU.ActiveCfg = Debug|Any CPU
		{40C1D4FE-A94C-4C61-A4D2-C38F12BA4332}.Debug|Any CPU.Build.0 = Debug|Any CPU
		{40C1D4FE-A94C-4C61-A4D2-C38F12BA4332}.Release|Any CPU.ActiveCfg = Release|Any CPU
		{40C1D4FE-A94C-4C61-A4D2-C38F12BA4332}.Release|Any CPU.Build.0 = Release|Any CPU
		{50EBA346-8928-4F78-A2B8-1242839FA4BF}.Debug|Any CPU.ActiveCfg = Debug|Any CPU
		{50EBA346-8928-4F78-A2B8-1242839FA4BF}.Debug|Any CPU.Build.0 = Debug|Any CPU
		{50EBA346-8928-4F78-A2B8-1242839FA4BF}.Release|Any CPU.ActiveCfg = Release|Any CPU
		{50EBA346-8928-4F78-A2B8-1242839FA4BF}.Release|Any CPU.Build.0 = Release|Any CPU
		{B8B4583E-9ED4-4C73-B5DA-A84978DC8FA4}.Debug|Any CPU.ActiveCfg = Debug|Any CPU
		{B8B4583E-9ED4-4C73-B5DA-A84978DC8FA4}.Debug|Any CPU.Build.0 = Debug|Any CPU
		{B8B4583E-9ED4-4C73-B5DA-A84978DC8FA4}.Release|Any CPU.ActiveCfg = Release|Any CPU
		{B8B4583E-9ED4-4C73-B5DA-A84978DC8FA4}.Release|Any CPU.Build.0 = Release|Any CPU
		{1312A7FC-89A0-4746-B7EF-C213E55E948A}.Debug|Any CPU.ActiveCfg = Debug|Any CPU
		{1312A7FC-89A0-4746-B7EF-C213E55E948A}.Debug|Any CPU.Build.0 = Debug|Any CPU
		{1312A7FC-89A0-4746-B7EF-C213E55E948A}.Release|Any CPU.ActiveCfg = Release|Any CPU
		{1312A7FC-89A0-4746-B7EF-C213E55E948A}.Release|Any CPU.Build.0 = Release|Any CPU
		{33F44DAA-0431-4E87-B8BB-5376AC8816AB}.Debug|Any CPU.ActiveCfg = Debug|Any CPU
		{33F44DAA-0431-4E87-B8BB-5376AC8816AB}.Debug|Any CPU.Build.0 = Debug|Any CPU
		{33F44DAA-0431-4E87-B8BB-5376AC8816AB}.Release|Any CPU.ActiveCfg = Release|Any CPU
		{33F44DAA-0431-4E87-B8BB-5376AC8816AB}.Release|Any CPU.Build.0 = Release|Any CPU
	EndGlobalSection
EndGlobal
